
Microsoft Visual Studio Solution File, Format Version 12.00
# Visual Studio Version 17
VisualStudioVersion = 17.14.36310.24 d17.14
MinimumVisualStudioVersion = 10.0.40219.1
Project("{F184B08F-C81C-45F6-A57F-5ABD9991F28F}") = "AirlineLab", "AirlineLab\AirlineLab.vbproj", "{A9354840-E977-4B8E-84EA-30A975AAD68A}"
EndProject
Global
	GlobalSection(SolutionConfigurationPlatforms) = preSolution
		Debug|Any CPU = Debug|Any CPU
		Release|Any CPU = Release|Any CPU
	EndGlobalSection
	GlobalSection(ProjectConfigurationPlatforms) = postSolution
		{A9354840-E977-4B8E-84EA-30A975AAD68A}.Debug|Any CPU.ActiveCfg = Debug|Any CPU
		{A9354840-E977-4B8E-84EA-30A975AAD68A}.Debug|Any CPU.Build.0 = Debug|Any CPU
		{A9354840-E977-4B8E-84EA-30A975AAD68A}.Release|Any CPU.ActiveCfg = Release|Any CPU
		{A9354840-E977-4B8E-84EA-30A975AAD68A}.Release|Any CPU.Build.0 = Release|Any CPU
	EndGlobalSection
	GlobalSection(SolutionProperties) = preSolution
		HideSolutionNode = FALSE
	EndGlobalSection
	GlobalSection(ExtensibilityGlobals) = postSolution
		SolutionGuid = {DAE8D9D3-0D6F-4FAF-A7C0-B99F5D3C1C28}
	EndGlobalSection
EndGlobal
